
Microsoft Visual Studio Solution File, Format Version 12.00
# Visual Studio Version 16
VisualStudioVersion = 16.0.30204.135
MinimumVisualStudioVersion = 10.0.40219.1
Project("{FAE04EC0-301F-11D3-BF4B-00C04F79EFBC}") = "Domain", "Domain\Domain.csproj", "{8A7936BF-9913-4094-A1AC-0802EE39DB69}"
EndProject
Project("{FAE04EC0-301F-11D3-BF4B-00C04F79EFBC}") = "Repository", "Repository\Repository.csproj", "{83D317A2-0E56-416C-A0A4-26A8FB23C68B}"
EndProject
Project("{FAE04EC0-301F-11D3-BF4B-00C04F79EFBC}") = "Web", "Web\Web.csproj", "{EE2556FF-E83A-4D4A-9B31-721615A7A04C}"
EndProject
Global
	GlobalSection(SolutionConfigurationPlatforms) = preSolution
		Debug|Any CPU = Debug|Any CPU
		Release|Any CPU = Release|Any CPU
	EndGlobalSection
	GlobalSection(ProjectConfigurationPlatforms) = postSolution
		{8A7936BF-9913-4094-A1AC-0802EE39DB69}.Debug|Any CPU.ActiveCfg = Debug|Any CPU
		{8A7936BF-9913-4094-A1AC-0802EE39DB69}.Debug|Any CPU.Build.0 = Debug|Any CPU
		{8A7936BF-9913-4094-A1AC-0802EE39DB69}.Release|Any CPU.ActiveCfg = Release|Any CPU
		{8A7936BF-9913-4094-A1AC-0802EE39DB69}.Release|Any CPU.Build.0 = Release|Any CPU
		{83D317A2-0E56-416C-A0A4-26A8FB23C68B}.Debug|Any CPU.ActiveCfg = Debug|Any CPU
		{83D317A2-0E56-416C-A0A4-26A8FB23C68B}.Debug|Any CPU.Build.0 = Debug|Any CPU
		{83D317A2-0E56-416C-A0A4-26A8FB23C68B}.Release|Any CPU.ActiveCfg = Release|Any CPU
		{83D317A2-0E56-416C-A0A4-26A8FB23C68B}.Release|Any CPU.Build.0 = Release|Any CPU
		{EE2556FF-E83A-4D4A-9B31-721615A7A04C}.Debug|Any CPU.ActiveCfg = Debug|Any CPU
		{EE2556FF-E83A-4D4A-9B31-721615A7A04C}.Debug|Any CPU.Build.0 = Debug|Any CPU
		{EE2556FF-E83A-4D4A-9B31-721615A7A04C}.Release|Any CPU.ActiveCfg = Release|Any CPU
		{EE2556FF-E83A-4D4A-9B31-721615A7A04C}.Release|Any CPU.Build.0 = Release|Any CPU
	EndGlobalSection
	GlobalSection(SolutionProperties) = preSolution
		HideSolutionNode = FALSE
	EndGlobalSection
	GlobalSection(ExtensibilityGlobals) = postSolution
		SolutionGuid = {BAC6EBEE-26C2-4D69-80D3-0FC17CBF7FC2}
	EndGlobalSection
EndGlobal
